<?xml version="1.0" encoding="utf-8"?>
<Project ToolsVersion="4.0" xmlns="http://schemas.microsoft.com/developer/msbuild/2003">
  <ItemGroup>
    <Filter Include="Source Files">
      <UniqueIdentifier>{4FC737F1-C7A5-4376-A066-2A32D752A2FF}</UniqueIdentifier>
      <Extensions>cpp;c;cc;cxx;c++;cppm;ixx;def;odl;idl;hpj;bat;asm;asmx</Extensions>
    </Filter>
    <Filter Include="Header Files">
      <UniqueIdentifier>{93995380-89BD-4b04-88EB-625FBE52EBFB}</UniqueIdentifier>
      <Extensions>h;hh;hpp;hxx;h++;hm;inl;inc;ipp;xsd</Extensions>
    </Filter>
    <Filter Include="Resource Files">
      <UniqueIdentifier>{67DA6AB6-F800-4c08-8B7A-83BB121AAD01}</UniqueIdentifier>
      <Extensions>rc;ico;cur;bmp;dlg;rc2;rct;bin;rgs;gif;jpg;jpeg;jpe;resx;tiff;tif;png;wav;mfcribbon-ms</Extensions>
    </Filter>
  </ItemGroup>
  <ItemGroup>
    <ClCompile Include="1. Basics\main.cpp">
      <Filter>Source Files</Filter>
    </ClCompile>
    <ClCompile Include="1. Basics\01. Keywords.cpp">
      <Filter>Source Files</Filter>
    </ClCompile>
    <ClCompile Include="1. Basics\02. Variables.cpp">
      <Filter>Source Files</Filter>
    </ClCompile>
    <ClCompile Include="1. Basics\03. Data_types.cpp">
      <Filter>Source Files</Filter>
    </ClCompile>
    <ClCompile Include="1. Basics\04. Functions.cpp">
      <Filter>Source Files</Filter>
    </ClCompile>
    <ClCompile Include="1. Basics\05. Condtions.cpp">
      <Filter>Source Files</Filter>
    </ClCompile>
    <ClCompile Include="1. Basics\06. Control_flow.cpp">
      <Filter>Source Files</Filter>
    </ClCompile>
    <ClCompile Include="2. Memory\main.cpp">
      <Filter>Source Files</Filter>
    </ClCompile>
    <ClCompile Include="2. Memory\01. Pointers.cpp">
      <Filter>Source Files</Filter>
    </ClCompile>
    <ClCompile Include="2. Memory\02. References.cpp">
      <Filter>Source Files</Filter>
    </ClCompile>
    <ClCompile Include="2. Memory\05. Dynamic_memory.cpp">
      <Filter>Source Files</Filter>
    </ClCompile>
    <ClCompile Include="2. Memory\03. Arrays.cpp">
      <Filter>Source Files</Filter>
    </ClCompile>
    <ClCompile Include="1. Basics\07. size_t_sizeof.cpp">
      <Filter>Source Files</Filter>
    </ClCompile>
    <ClCompile Include="2. Memory\04. Stl_array.cpp">
      <Filter>Source Files</Filter>
    </ClCompile>
    <ClCompile Include="2. Memory\06. Vectors.cpp">
      <Filter>Source Files</Filter>
    </ClCompile>
    <ClCompile Include="2. Memory\07. Vector_matrix.cpp">
      <Filter>Source Files</Filter>
    </ClCompile>
    <ClCompile Include="3. Structures\main.cpp">
      <Filter>Source Files</Filter>
    </ClCompile>
    <ClCompile Include="3. Structures\01. Basic_structs.cpp">
      <Filter>Source Files</Filter>
    </ClCompile>
    <ClCompile Include="3. Structures\02. Intermediate_structs.cpp">
      <Filter>Source Files</Filter>
    </ClCompile>
    <ClCompile Include="3. Structures\03. Advanced_structs.cpp">
      <Filter>Source Files</Filter>
    </ClCompile>
    <ClCompile Include="4. Classes\main.cpp">
      <Filter>Source Files</Filter>
    </ClCompile>
    <ClCompile Include="4. Classes\01.Basic_class.ixx">
      <Filter>Source Files</Filter>
    </ClCompile>
    <ClCompile Include="4. Classes\02.Constructor.ixx">
      <Filter>Source Files</Filter>
    </ClCompile>
    <ClCompile Include="4. Classes\03.Destructor.ixx">
      <Filter>Source Files</Filter>
    </ClCompile>
  </ItemGroup>
  <ItemGroup>
    <ClInclude Include="1. Basics\basics_header.h">
      <Filter>Header Files</Filter>
    </ClInclude>
    <ClInclude Include="2. Memory\memory_header.h">
      <Filter>Header Files</Filter>
    </ClInclude>
    <ClInclude Include="3. Structures\struct_header.h">
      <Filter>Header Files</Filter>
    </ClInclude>
  </ItemGroup>
</Project>